{
  "name": "@ferdlestier/datapackage",
  "version": "2.0.1",
  "lockfileVersion": 3,
  "requires": true,
  "packages": {
    "": {
      "name": "@ferdlestier/datapackage",
      "version": "2.0.1",
      "license": "ISC",
      "dependencies": {
        "node-pandas": "1.0.5"
      }
    },
    "node_modules/node-pandas": {
      "version": "1.0.5",
      "resolved": "https://registry.npmjs.org/node-pandas/-/node-pandas-1.0.5.tgz",
      "integrity": "sha512-pKp8Mk0LRk7ZHswXT40HX9nDE6LWR4figvcXOz/9k+UebDB3kXNadgex+pSGDRMDYXe+SiUh3GG/EIlmGqCHrQ==",
      "license": "MIT"
    }
  }
}
